// !$*UTF8*$!
{
	archiveVersion = 1;
	classes = {
	};
	objectVersion = 46;
	objects = {

/* Begin PBXBuildFile section */
		0F5A72481E76E2D6006E757B /* AppDelegate.swift in Sources */ = {isa = PBXBuildFile; fileRef = 0F5A72471E76E2D6006E757B /* AppDelegate.swift */; };
		0F5A724A1E76E2D6006E757B /* ViewController.swift in Sources */ = {isa = PBXBuildFile; fileRef = 0F5A72491E76E2D6006E757B /* ViewController.swift */; };
		0F5A724C1E76E2D6006E757B /* Assets.xcassets in Resources */ = {isa = PBXBuildFile; fileRef = 0F5A724B1E76E2D6006E757B /* Assets.xcassets */; };
		0F5A724F1E76E2D6006E757B /* Main.storyboard in Resources */ = {isa = PBXBuildFile; fileRef = 0F5A724D1E76E2D6006E757B /* Main.storyboard */; };
		0F5A725A1E76E2D7006E757B /* AthleticArchiveTests.swift in Sources */ = {isa = PBXBuildFile; fileRef = 0F5A72591E76E2D7006E757B /* AthleticArchiveTests.swift */; };
		0F5A72651E76E2D7006E757B /* AthleticArchiveUITests.swift in Sources */ = {isa = PBXBuildFile; fileRef = 0F5A72641E76E2D7006E757B /* AthleticArchiveUITests.swift */; };
/* End PBXBuildFile section */

/* Begin PBXContainerItemProxy section */
		0F5A72561E76E2D7006E757B /* PBXContainerItemProxy */ = {
			isa = PBXContainerItemProxy;
			containerPortal = 0F5A723C1E76E2D6006E757B /* Project object */;
			proxyType = 1;
			remoteGlobalIDString = 0F5A72431E76E2D6006E757B;
			remoteInfo = AthleticArchive;
		};
		0F5A72611E76E2D7006E757B /* PBXContainerItemProxy */ = {
			isa = PBXContainerItemProxy;
			containerPortal = 0F5A723C1E76E2D6006E757B /* Project object */;
			proxyType = 1;
			remoteGlobalIDString = 0F5A72431E76E2D6006E757B;
			remoteInfo = AthleticArchive;
		};
/* End PBXContainerItemProxy section */

/* Begin PBXFileReference section */
		0F5A72441E76E2D6006E757B /* AthleticArchive.app */ = {isa = PBXFileReference; explicitFileType = wrapper.application; includeInIndex = 0; path = AthleticArchive.app; sourceTree = BUILT_PRODUCTS_DIR; };
		0F5A72471E76E2D6006E757B /* AppDelegate.swift */ = {isa = PBXFileReference; lastKnownFileType = sourcecode.swift; path = AppDelegate.swift; sourceTree = "<group>"; };
		0F5A72491E76E2D6006E757B /* ViewController.swift */ = {isa = PBXFileReference; lastKnownFileType = sourcecode.swift; path = ViewController.swift; sourceTree = "<group>"; };
		0F5A724B1E76E2D6006E757B /* Assets.xcassets */ = {isa = PBXFileReference; lastKnownFileType = folder.assetcatalog; path = Assets.xcassets; sourceTree = "<group>"; };
		0F5A724E1E76E2D6006E757B /* Base */ = {isa = PBXFileReference; lastKnownFileType = file.storyboard; name = Base; path = Base.lproj/Main.storyboard; sourceTree = "<group>"; };
		0F5A72501E76E2D6006E757B /* Info.plist */ = {isa = PBXFileReference; lastKnownFileType = text.plist.xml; path = Info.plist; sourceTree = "<group>"; };
		0F5A72551E76E2D7006E757B /* AthleticArchiveTests.xctest */ = {isa = PBXFileReference; explicitFileType = wrapper.cfbundle; includeInIndex = 0; path = AthleticArchiveTests.xctest; sourceTree = BUILT_PRODUCTS_DIR; };
		0F5A72591E76E2D7006E757B /* AthleticArchiveTests.swift */ = {isa = PBXFileReference; lastKnownFileType = sourcecode.swift; path = AthleticArchiveTests.swift; sourceTree = "<group>"; };
		0F5A725B1E76E2D7006E757B /* Info.plist */ = {isa = PBXFileReference; lastKnownFileType = text.plist.xml; path = Info.plist; sourceTree = "<group>"; };
		0F5A72601E76E2D7006E757B /* AthleticArchiveUITests.xctest */ = {isa = PBXFileReference; explicitFileType = wrapper.cfbundle; includeInIndex = 0; path = AthleticArchiveUITests.xctest; sourceTree = BUILT_PRODUCTS_DIR; };
		0F5A72641E76E2D7006E757B /* AthleticArchiveUITests.swift */ = {isa = PBXFileReference; lastKnownFileType = sourcecode.swift; path = AthleticArchiveUITests.swift; sourceTree = "<group>"; };
		0F5A72661E76E2D7006E757B /* Info.plist */ = {isa = PBXFileReference; lastKnownFileType = text.plist.xml; path = Info.plist; sourceTree = "<group>"; };
/* End PBXFileReference section */

/* Begin PBXFrameworksBuildPhase section */
		0F5A72411E76E2D6006E757B /* Frameworks */ = {
			isa = PBXFrameworksBuildPhase;
			buildActionMask = 2147483647;
			files = (
			);
			runOnlyForDeploymentPostprocessing = 0;
		};
		0F5A72521E76E2D7006E757B /* Frameworks */ = {
			isa = PBXFrameworksBuildPhase;
			buildActionMask = 2147483647;
			files = (
			);
			runOnlyForDeploymentPostprocessing = 0;
		};
		0F5A725D1E76E2D7006E757B /* Frameworks */ = {
			isa = PBXFrameworksBuildPhase;
			buildActionMask = 2147483647;
			files = (
			);
			runOnlyForDeploymentPostprocessing = 0;
		};
/* End PBXFrameworksBuildPhase section */

/* Begin PBXGroup section */
		0F5A723B1E76E2D6006E757B = {
			isa = PBXGroup;
			children = (
				0F5A72461E76E2D6006E757B /* AthleticArchive */,
				0F5A72581E76E2D7006E757B /* AthleticArchiveTests */,
				0F5A72631E76E2D7006E757B /* AthleticArchiveUITests */,
				0F5A72451E76E2D6006E757B /* Products */,
			);
			sourceTree = "<group>";
		};
		0F5A72451E76E2D6006E757B /* Products */ = {
			isa = PBXGroup;
			children = (
				0F5A72441E76E2D6006E757B /* AthleticArchive.app */,
				0F5A72551E76E2D7006E757B /* AthleticArchiveTests.xctest */,
				0F5A72601E76E2D7006E757B /* AthleticArchiveUITests.xctest */,
			);
			name = Products;
			sourceTree = "<group>";
		};
		0F5A72461E76E2D6006E757B /* AthleticArchive */ = {
			isa = PBXGroup;
			children = (
				0F5A72471E76E2D6006E757B /* AppDelegate.swift */,
				0F5A72491E76E2D6006E757B /* ViewController.swift */,
				0F5A724B1E76E2D6006E757B /* Assets.xcassets */,
				0F5A724D1E76E2D6006E757B /* Main.storyboard */,
				0F5A72501E76E2D6006E757B /* Info.plist */,
			);
			path = AthleticArchive;
			sourceTree = "<group>";
		};
		0F5A72581E76E2D7006E757B /* AthleticArchiveTests */ = {
			isa = PBXGroup;
			children = (
				0F5A72591E76E2D7006E757B /* AthleticArchiveTests.swift */,
				0F5A725B1E76E2D7006E757B /* Info.plist */,
			);
			path = AthleticArchiveTests;
			sourceTree = "<group>";
		};
		0F5A72631E76E2D7006E757B /* AthleticArchiveUITests */ = {
			isa = PBXGroup;
			children = (
				0F5A72641E76E2D7006E757B /* AthleticArchiveUITests.swift */,
				0F5A72661E76E2D7006E757B /* Info.plist */,
			);
			path = AthleticArchiveUITests;
			sourceTree = "<group>";
		};
/* End PBXGroup section */

/* Begin PBXNativeTarget section */
		0F5A72431E76E2D6006E757B /* AthleticArchive */ = {
			isa = PBXNativeTarget;
			buildConfigurationList = 0F5A72691E76E2D7006E757B /* Build configuration list for PBXNativeTarget "AthleticArchive" */;
			buildPhases = (
				0F5A72401E76E2D6006E757B /* Sources */,
				0F5A72411E76E2D6006E757B /* Frameworks */,
				0F5A72421E76E2D6006E757B /* Resources */,
			);
			buildRules = (
			);
			dependencies = (
			);
			name = AthleticArchive;
			productName = AthleticArchive;
			productReference = 0F5A72441E76E2D6006E757B /* AthleticArchive.app */;
			productType = "com.apple.product-type.application";
		};
		0F5A72541E76E2D7006E757B /* AthleticArchiveTests */ = {
			isa = PBXNativeTarget;
			buildConfigurationList = 0F5A726C1E76E2D7006E757B /* Build configuration list for PBXNativeTarget "AthleticArchiveTests" */;
			buildPhases = (
				0F5A72511E76E2D7006E757B /* Sources */,
				0F5A72521E76E2D7006E757B /* Frameworks */,
				0F5A72531E76E2D7006E757B /* Resources */,
			);
			buildRules = (
			);
			dependencies = (
				0F5A72571E76E2D7006E757B /* PBXTargetDependency */,
			);
			name = AthleticArchiveTests;
			productName = AthleticArchiveTests;
			productReference = 0F5A72551E76E2D7006E757B /* AthleticArchiveTests.xctest */;
			productType = "com.apple.product-type.bundle.unit-test";
		};
		0F5A725F1E76E2D7006E757B /* AthleticArchiveUITests */ = {
			isa = PBXNativeTarget;
			buildConfigurationList = 0F5A726F1E76E2D7006E757B /* Build configuration list for PBXNativeTarget "AthleticArchiveUITests" */;
			buildPhases = (
				0F5A725C1E76E2D7006E757B /* Sources */,
				0F5A725D1E76E2D7006E757B /* Frameworks */,
				0F5A725E1E76E2D7006E757B /* Resources */,
			);
			buildRules = (
			);
			dependencies = (
				0F5A72621E76E2D7006E757B /* PBXTargetDependency */,
			);
			name = AthleticArchiveUITests;
			productName = AthleticArchiveUITests;
			productReference = 0F5A72601E76E2D7006E757B /* AthleticArchiveUITests.xctest */;
			productType = "com.apple.product-type.bundle.ui-testing";
		};
/* End PBXNativeTarget section */

/* Begin PBXProject section */
		0F5A723C1E76E2D6006E757B /* Project object */ = {
			isa = PBXProject;
			attributes = {
				LastSwiftUpdateCheck = 0820;
				LastUpgradeCheck = 0820;
				ORGANIZATIONNAME = AthleticArchive;
				TargetAttributes = {
					0F5A72431E76E2D6006E757B = {
						CreatedOnToolsVersion = 8.2.1;
						DevelopmentTeam = Q4D28T2QGB;
						ProvisioningStyle = Automatic;
					};
					0F5A72541E76E2D7006E757B = {
						CreatedOnToolsVersion = 8.2.1;
						DevelopmentTeam = Q4D28T2QGB;
						ProvisioningStyle = Automatic;
						TestTargetID = 0F5A72431E76E2D6006E757B;
					};
					0F5A725F1E76E2D7006E757B = {
						CreatedOnToolsVersion = 8.2.1;
						DevelopmentTeam = Q4D28T2QGB;
						ProvisioningStyle = Automatic;
						TestTargetID = 0F5A72431E76E2D6006E757B;
					};
				};
			};
			buildConfigurationList = 0F5A723F1E76E2D6006E757B /* Build configuration list for PBXProject "AthleticArchive" */;
			compatibilityVersion = "Xcode 3.2";
			developmentRegion = English;
			hasScannedForEncodings = 0;
			knownRegions = (
				en,
				Base,
			);
			mainGroup = 0F5A723B1E76E2D6006E757B;
			productRefGroup = 0F5A72451E76E2D6006E757B /* Products */;
			projectDirPath = "";
			projectRoot = "";
			targets = (
				0F5A72431E76E2D6006E757B /* AthleticArchive */,
				0F5A72541E76E2D7006E757B /* AthleticArchiveTests */,
				0F5A725F1E76E2D7006E757B /* AthleticArchiveUITests */,
			);
		};
/* End PBXProject section */

/* Begin PBXResourcesBuildPhase section */
		0F5A72421E76E2D6006E757B /* Resources */ = {
			isa = PBXResourcesBuildPhase;
			buildActionMask = 2147483647;
			files = (
				0F5A724C1E76E2D6006E757B /* Assets.xcassets in Resources */,
				0F5A724F1E76E2D6006E757B /* Main.storyboard in Resources */,
			);
			runOnlyForDeploymentPostprocessing = 0;
		};
		0F5A72531E76E2D7006E757B /* Resources */ = {
			isa = PBXResourcesBuildPhase;
			buildActionMask = 2147483647;
			files = (
			);
			runOnlyForDeploymentPostprocessing = 0;
		};
		0F5A725E1E76E2D7006E757B /* Resources */ = {
			isa = PBXResourcesBuildPhase;
			buildActionMask = 2147483647;
			files = (
			);
			runOnlyForDeploymentPostprocessing = 0;
		};
/* End PBXResourcesBuildPhase section */

/* Begin PBXSourcesBuildPhase section */
		0F5A72401E76E2D6006E757B /* Sources */ = {
			isa = PBXSourcesBuildPhase;
			buildActionMask = 2147483647;
			files = (
				0F5A724A1E76E2D6006E757B /* ViewController.swift in Sources */,
				0F5A72481E76E2D6006E757B /* AppDelegate.swift in Sources */,
			);
			runOnlyForDeploymentPostprocessing = 0;
		};
		0F5A72511E76E2D7006E757B /* Sources */ = {
			isa = PBXSourcesBuildPhase;
			buildActionMask = 2147483647;
			files = (
				0F5A725A1E76E2D7006E757B /* AthleticArchiveTests.swift in Sources */,
			);
			runOnlyForDeploymentPostprocessing = 0;
		};
		0F5A725C1E76E2D7006E757B /* Sources */ = {
			isa = PBXSourcesBuildPhase;
			buildActionMask = 2147483647;
			files = (
				0F5A72651E76E2D7006E757B /* AthleticArchiveUITests.swift in Sources */,
			);
			runOnlyForDeploymentPostprocessing = 0;
		};
/* End PBXSourcesBuildPhase section */

/* Begin PBXTargetDependency section */
		0F5A72571E76E2D7006E757B /* PBXTargetDependency */ = {
			isa = PBXTargetDependency;
			target = 0F5A72431E76E2D6006E757B /* AthleticArchive */;
			targetProxy = 0F5A72561E76E2D7006E757B /* PBXContainerItemProxy */;
		};
		0F5A72621E76E2D7006E757B /* PBXTargetDependency */ = {
			isa = PBXTargetDependency;
			target = 0F5A72431E76E2D6006E757B /* AthleticArchive */;
			targetProxy = 0F5A72611E76E2D7006E757B /* PBXContainerItemProxy */;
		};
/* End PBXTargetDependency section */

/* Begin PBXVariantGroup section */
		0F5A724D1E76E2D6006E757B /* Main.storyboard */ = {
			isa = PBXVariantGroup;
			children = (
				0F5A724E1E76E2D6006E757B /* Base */,
			);
			name = Main.storyboard;
			sourceTree = "<group>";
		};
/* End PBXVariantGroup section */

/* Begin XCBuildConfiguration section */
		0F5A72671E76E2D7006E757B /* Debug */ = {
			isa = XCBuildConfiguration;
			buildSettings = {
				ALWAYS_SEARCH_USER_PATHS = NO;
				CLANG_ANALYZER_NONNULL = YES;
				CLANG_CXX_LANGUAGE_STANDARD = "gnu++0x";
				CLANG_CXX_LIBRARY = "libc++";
				CLANG_ENABLE_MODULES = YES;
				CLANG_ENABLE_OBJC_ARC = YES;
				CLANG_WARN_BOOL_CONVERSION = YES;
				CLANG_WARN_CONSTANT_CONVERSION = YES;
				CLANG_WARN_DIRECT_OBJC_ISA_USAGE = YES_ERROR;
				CLANG_WARN_DOCUMENTATION_COMMENTS = YES;
				CLANG_WARN_EMPTY_BODY = YES;
				CLANG_WARN_ENUM_CONVERSION = YES;
				CLANG_WARN_INFINITE_RECURSION = YES;
				CLANG_WARN_INT_CONVERSION = YES;
				CLANG_WARN_OBJC_ROOT_CLASS = YES_ERROR;
				CLANG_WARN_SUSPICIOUS_MOVE = YES;
				CLANG_WARN_UNREACHABLE_CODE = YES;
				CLANG_WARN__DUPLICATE_METHOD_MATCH = YES;
				CODE_SIGN_IDENTITY = "-";
				COPY_PHASE_STRIP = NO;
				DEBUG_INFORMATION_FORMAT = dwarf;
				ENABLE_STRICT_OBJC_MSGSEND = YES;
				ENABLE_TESTABILITY = YES;
				GCC_C_LANGUAGE_STANDARD = gnu99;
				GCC_DYNAMIC_NO_PIC = NO;
				GCC_NO_COMMON_BLOCKS = YES;
				GCC_OPTIMIZATION_LEVEL = 0;
				GCC_PREPROCESSOR_DEFINITIONS = (
					"DEBUG=1",
					"$(inherited)",
				);
				GCC_WARN_64_TO_32_BIT_CONVERSION = YES;
				GCC_WARN_ABOUT_RETURN_TYPE = YES_ERROR;
				GCC_WARN_UNDECLARED_SELECTOR = YES;
				GCC_WARN_UNINITIALIZED_AUTOS = YES_AGGRESSIVE;
				GCC_WARN_UNUSED_FUNCTION = YES;
				GCC_WARN_UNUSED_VARIABLE = YES;
				MACOSX_DEPLOYMENT_TARGET = 10.12;
				MTL_ENABLE_DEBUG_INFO = YES;
				ONLY_ACTIVE_ARCH = YES;
				SDKROOT = macosx;
				SWIFT_ACTIVE_COMPILATION_CONDITIONS = DEBUG;
				SWIFT_OPTIMIZATION_LEVEL = "-Onone";
			};
			name = Debug;
		};
		0F5A72681E76E2D7006E757B /* Release */ = {
			isa = XCBuildConfiguration;
			buildSettings = {
				ALWAYS_SEARCH_USER_PATHS = NO;
				CLANG_ANALYZER_NONNULL = YES;
				CLANG_CXX_LANGUAGE_STANDARD = "gnu++0x";
				CLANG_CXX_LIBRARY = "libc++";
				CLANG_ENABLE_MODULES = YES;
				CLANG_ENABLE_OBJC_ARC = YES;
				CLANG_WARN_BOOL_CONVERSION = YES;
				CLANG_WARN_CONSTANT_CONVERSION = YES;
				CLANG_WARN_DIRECT_OBJC_ISA_USAGE = YES_ERROR;
				CLANG_WARN_DOCUMENTATION_COMMENTS = YES;
				CLANG_WARN_EMPTY_BODY = YES;
				CLANG_WARN_ENUM_CONVERSION = YES;
				CLANG_WARN_INFINITE_RECURSION = YES;
				CLANG_WARN_INT_CONVERSION = YES;
				CLANG_WARN_OBJC_ROOT_CLASS = YES_ERROR;
				CLANG_WARN_SUSPICIOUS_MOVE = YES;
				CLANG_WARN_UNREACHABLE_CODE = YES;
				CLANG_WARN__DUPLICATE_METHOD_MATCH = YES;
				CODE_SIGN_IDENTITY = "-";
				COPY_PHASE_STRIP = NO;
				DEBUG_INFORMATION_FORMAT = "dwarf-with-dsym";
				ENABLE_NS_ASSERTIONS = NO;
				ENABLE_STRICT_OBJC_MSGSEND = YES;
				GCC_C_LANGUAGE_STANDARD = gnu99;
				GCC_NO_COMMON_BLOCKS = YES;
				GCC_WARN_64_TO_32_BIT_CONVERSION = YES;
				GCC_WARN_ABOUT_RETURN_TYPE = YES_ERROR;
				GCC_WARN_UNDECLARED_SELECTOR = YES;
				GCC_WARN_UNINITIALIZED_AUTOS = YES_AGGRESSIVE;
				GCC_WARN_UNUSED_FUNCTION = YES;
				GCC_WARN_UNUSED_VARIABLE = YES;
				MACOSX_DEPLOYMENT_TARGET = 10.12;
				MTL_ENABLE_DEBUG_INFO = NO;
				SDKROOT = macosx;
				SWIFT_OPTIMIZATION_LEVEL = "-Owholemodule";
			};
			name = Release;
		};
		0F5A726A1E76E2D7006E757B /* Debug */ = {
			isa = XCBuildConfiguration;
			buildSettings = {
				ASSETCATALOG_COMPILER_APPICON_NAME = AppIcon;
				COMBINE_HIDPI_IMAGES = YES;
				DEVELOPMENT_TEAM = Q4D28T2QGB;
				INFOPLIST_FILE = AthleticArchive/Info.plist;
				LD_RUNPATH_SEARCH_PATHS = "$(inherited) @executable_path/../Frameworks";
				PRODUCT_BUNDLE_IDENTIFIER = AA.AthleticArchive;
				PRODUCT_NAME = "$(TARGET_NAME)";
				SWIFT_VERSION = 3.0;
			};
			name = Debug;
		};
		0F5A726B1E76E2D7006E757B /* Release */ = {
			isa = XCBuildConfiguration;
			buildSettings = {
				ASSETCATALOG_COMPILER_APPICON_NAME = AppIcon;
				COMBINE_HIDPI_IMAGES = YES;
				DEVELOPMENT_TEAM = Q4D28T2QGB;
				INFOPLIST_FILE = AthleticArchive/Info.plist;
				LD_RUNPATH_SEARCH_PATHS = "$(inherited) @executable_path/../Frameworks";
				PRODUCT_BUNDLE_IDENTIFIER = AA.AthleticArchive;
				PRODUCT_NAME = "$(TARGET_NAME)";
				SWIFT_VERSION = 3.0;
			};
			name = Release;
		};
		0F5A726D1E76E2D7006E757B /* Debug */ = {
			isa = XCBuildConfiguration;
			buildSettings = {
				ALWAYS_EMBED_SWIFT_STANDARD_LIBRARIES = YES;
				BUNDLE_LOADER = "$(TEST_HOST)";
				COMBINE_HIDPI_IMAGES = YES;
				DEVELOPMENT_TEAM = Q4D28T2QGB;
				INFOPLIST_FILE = AthleticArchiveTests/Info.plist;
				LD_RUNPATH_SEARCH_PATHS = "$(inherited) @executable_path/../Frameworks @loader_path/../Frameworks";
				PRODUCT_BUNDLE_IDENTIFIER = AA.AthleticArchiveTests;
				PRODUCT_NAME = "$(TARGET_NAME)";
				SWIFT_VERSION = 3.0;
				TEST_HOST = "$(BUILT_PRODUCTS_DIR)/AthleticArchive.app/Contents/MacOS/AthleticArchive";
			};
			name = Debug;
		};
		0F5A726E1E76E2D7006E757B /* Release */ = {
			isa = XCBuildConfiguration;
			buildSettings = {
				ALWAYS_EMBED_SWIFT_STANDARD_LIBRARIES = YES;
				BUNDLE_LOADER = "$(TEST_HOST)";
				COMBINE_HIDPI_IMAGES = YES;
				DEVELOPMENT_TEAM = Q4D28T2QGB;
				INFOPLIST_FILE = AthleticArchiveTests/Info.plist;
				LD_RUNPATH_SEARCH_PATHS = "$(inherited) @executable_path/../Frameworks @loader_path/../Frameworks";
				PRODUCT_BUNDLE_IDENTIFIER = AA.AthleticArchiveTests;
				PRODUCT_NAME = "$(TARGET_NAME)";
				SWIFT_VERSION = 3.0;
				TEST_HOST = "$(BUILT_PRODUCTS_DIR)/AthleticArchive.app/Contents/MacOS/AthleticArchive";
			};
			name = Release;
		};
		0F5A72701E76E2D7006E757B /* Debug */ = {
			isa = XCBuildConfiguration;
			buildSettings = {
				ALWAYS_EMBED_SWIFT_STANDARD_LIBRARIES = YES;
				COMBINE_HIDPI_IMAGES = YES;
				DEVELOPMENT_TEAM = Q4D28T2QGB;
				INFOPLIST_FILE = AthleticArchiveUITests/Info.plist;
				LD_RUNPATH_SEARCH_PATHS = "$(inherited) @executable_path/../Frameworks @loader_path/../Frameworks";
				PRODUCT_BUNDLE_IDENTIFIER = AA.AthleticArchiveUITests;
				PRODUCT_NAME = "$(TARGET_NAME)";
				SWIFT_VERSION = 3.0;
				TEST_TARGET_NAME = AthleticArchive;
			};
			name = Debug;
		};
		0F5A72711E76E2D7006E757B /* Release */ = {
			isa = XCBuildConfiguration;
			buildSettings = {
				ALWAYS_EMBED_SWIFT_STANDARD_LIBRARIES = YES;
				COMBINE_HIDPI_IMAGES = YES;
				DEVELOPMENT_TEAM = Q4D28T2QGB;
				INFOPLIST_FILE = AthleticArchiveUITests/Info.plist;
				LD_RUNPATH_SEARCH_PATHS = "$(inherited) @executable_path/../Frameworks @loader_path/../Frameworks";
				PRODUCT_BUNDLE_IDENTIFIER = AA.AthleticArchiveUITests;
				PRODUCT_NAME = "$(TARGET_NAME)";
				SWIFT_VERSION = 3.0;
				TEST_TARGET_NAME = AthleticArchive;
			};
			name = Release;
		};
/* End XCBuildConfiguration section */

/* Begin XCConfigurationList section */
		0F5A723F1E76E2D6006E757B /* Build configuration list for PBXProject "AthleticArchive" */ = {
			isa = XCConfigurationList;
			buildConfigurations = (
				0F5A72671E76E2D7006E757B /* Debug */,
				0F5A72681E76E2D7006E757B /* Release */,
			);
			defaultConfigurationIsVisible = 0;
			defaultConfigurationName = Release;
		};
		0F5A72691E76E2D7006E757B /* Build configuration list for PBXNativeTarget "AthleticArchive" */ = {
			isa = XCConfigurationList;
			buildConfigurations = (
				0F5A726A1E76E2D7006E757B /* Debug */,
				0F5A726B1E76E2D7006E757B /* Release */,
			);
			defaultConfigurationIsVisible = 0;
		};
		0F5A726C1E76E2D7006E757B /* Build configuration list for PBXNativeTarget "AthleticArchiveTests" */ = {
			isa = XCConfigurationList;
			buildConfigurations = (
				0F5A726D1E76E2D7006E757B /* Debug */,
				0F5A726E1E76E2D7006E757B /* Release */,
			);
			defaultConfigurationIsVisible = 0;
		};
		0F5A726F1E76E2D7006E757B /* Build configuration list for PBXNativeTarget "AthleticArchiveUITests" */ = {
			isa = XCConfigurationList;
			buildConfigurations = (
				0F5A72701E76E2D7006E757B /* Debug */,
				0F5A72711E76E2D7006E757B /* Release */,
			);
			defaultConfigurationIsVisible = 0;
		};
/* End XCConfigurationList section */
	};
	rootObject = 0F5A723C1E76E2D6006E757B /* Project object */;
}
